
Microsoft Visual Studio Solution File, Format Version 12.00
# Visual Studio Version 16
VisualStudioVersion = 16.0.29509.3
MinimumVisualStudioVersion = 10.0.40219.1
Project("{FAE04EC0-301F-11D3-BF4B-00C04F79EFBC}") = "BL", "BL\BL.csproj", "{55FB5E04-299A-417B-80ED-3F52B25F6A26}"
EndProject
Project("{FAE04EC0-301F-11D3-BF4B-00C04F79EFBC}") = "DAL", "DAL\DAL.csproj", "{6930315A-5F42-49DD-A33A-55A6F3BE36E1}"
EndProject
Project("{FAE04EC0-301F-11D3-BF4B-00C04F79EFBC}") = "BE", "BE\BE.csproj", "{47EA4E72-C748-49DA-9B21-4A543093828E}"
EndProject
Project("{FAE04EC0-301F-11D3-BF4B-00C04F79EFBC}") = "PL", "PL\PL.csproj", "{62ADE19C-ADEB-4695-B83A-F622D4E46F50}"
EndProject
Global
	GlobalSection(SolutionConfigurationPlatforms) = preSolution
		Debug|Any CPU = Debug|Any CPU
		Release|Any CPU = Release|Any CPU
	EndGlobalSection
	GlobalSection(ProjectConfigurationPlatforms) = postSolution
		{55FB5E04-299A-417B-80ED-3F52B25F6A26}.Debug|Any CPU.ActiveCfg = Debug|Any CPU
		{55FB5E04-299A-417B-80ED-3F52B25F6A26}.Debug|Any CPU.Build.0 = Debug|Any CPU
		{55FB5E04-299A-417B-80ED-3F52B25F6A26}.Release|Any CPU.ActiveCfg = Release|Any CPU
		{55FB5E04-299A-417B-80ED-3F52B25F6A26}.Release|Any CPU.Build.0 = Release|Any CPU
		{6930315A-5F42-49DD-A33A-55A6F3BE36E1}.Debug|Any CPU.ActiveCfg = Debug|Any CPU
		{6930315A-5F42-49DD-A33A-55A6F3BE36E1}.Debug|Any CPU.Build.0 = Debug|Any CPU
		{6930315A-5F42-49DD-A33A-55A6F3BE36E1}.Release|Any CPU.ActiveCfg = Release|Any CPU
		{6930315A-5F42-49DD-A33A-55A6F3BE36E1}.Release|Any CPU.Build.0 = Release|Any CPU
		{47EA4E72-C748-49DA-9B21-4A543093828E}.Debug|Any CPU.ActiveCfg = Debug|Any CPU
		{47EA4E72-C748-49DA-9B21-4A543093828E}.Debug|Any CPU.Build.0 = Debug|Any CPU
		{47EA4E72-C748-49DA-9B21-4A543093828E}.Release|Any CPU.ActiveCfg = Release|Any CPU
		{47EA4E72-C748-49DA-9B21-4A543093828E}.Release|Any CPU.Build.0 = Release|Any CPU
		{62ADE19C-ADEB-4695-B83A-F622D4E46F50}.Debug|Any CPU.ActiveCfg = Debug|Any CPU
		{62ADE19C-ADEB-4695-B83A-F622D4E46F50}.Debug|Any CPU.Build.0 = Debug|Any CPU
		{62ADE19C-ADEB-4695-B83A-F622D4E46F50}.Release|Any CPU.ActiveCfg = Release|Any CPU
		{62ADE19C-ADEB-4695-B83A-F622D4E46F50}.Release|Any CPU.Build.0 = Release|Any CPU
	EndGlobalSection
	GlobalSection(SolutionProperties) = preSolution
		HideSolutionNode = FALSE
	EndGlobalSection
	GlobalSection(ExtensibilityGlobals) = postSolution
		SolutionGuid = {E0A9AD4D-B808-4CF8-BFE1-AB4829CA7CDE}
	EndGlobalSection
EndGlobal
